
Microsoft Visual Studio Solution File, Format Version 12.00
# Visual Studio 15
VisualStudioVersion = 15.0.27130.2010
MinimumVisualStudioVersion = 10.0.40219.1
Project("{2150E333-8FDC-42A3-9474-1A3956D46DE8}") = "docs", "docs", "{196FA902-8BF2-4124-8B6E-A525343BA676}"
EndProject
Project("{2150E333-8FDC-42A3-9474-1A3956D46DE8}") = "src", "src", "{76FD3796-8DEE-4F3B-BC38-4AF61214E10C}"
EndProject
Project("{9A19103F-16F7-4668-BE54-9A1E7A4F7556}") = "MicroAngels.Core", "src\MicroAngels.Core\MicroAngels.Core.csproj", "{BBEE399B-0114-4772-8DA4-3A0EFDF05FF3}"
EndProject
Project("{2150E333-8FDC-42A3-9474-1A3956D46DE8}") = "test", "test", "{CC490CF6-A794-43FC-8F2B-B8048B0642A9}"
EndProject
Project("{9A19103F-16F7-4668-BE54-9A1E7A4F7556}") = "MicroAngels.Bus", "src\MicroAngels.Bus\MicroAngels.Bus.csproj", "{4294D789-4D7C-473A-AAB9-5D427C7CA8D2}"
EndProject
Project("{9A19103F-16F7-4668-BE54-9A1E7A4F7556}") = "MicroAngels.MessageCenter.Test", "test\MicroAngels.MessageCenter.Test\MicroAngels.MessageCenter.Test.csproj", "{AA6AED26-3166-48FB-9AA4-F3FC5CFA1744}"
EndProject
Project("{2150E333-8FDC-42A3-9474-1A3956D46DE8}") = "centers", "centers", "{8E6CC9B9-09D5-4E9A-9AAD-718998BA09C1}"
EndProject
Project("{9A19103F-16F7-4668-BE54-9A1E7A4F7556}") = "MicroAngels.MessageCenter", "centers\MicroAngels.MessageCenter\MicroAngels.MessageCenter.csproj", "{7B1E1D93-7544-44A1-A020-7C79261657FF}"
EndProject
Project("{9A19103F-16F7-4668-BE54-9A1E7A4F7556}") = "MicroAngels.ServiceDiscovery", "src\MicroAngels.ServiceDiscovery\MicroAngels.ServiceDiscovery.csproj", "{FCE8E0F9-A929-4599-AC23-6F07D1D7F3C9}"
EndProject
Project("{9A19103F-16F7-4668-BE54-9A1E7A4F7556}") = "MicroAngels.OcelotGateway", "centers\MicroAngels.OcelotGateway\MicroAngels.OcelotGateway.csproj", "{0F451860-10F8-4EAC-BC95-4E4B28545CC8}"
EndProject
Project("{9A19103F-16F7-4668-BE54-9A1E7A4F7556}") = "MicroAngels.AuthServer", "centers\MicroAngels.AuthServer\MicroAngels.AuthServer.csproj", "{277BB297-975A-4920-98F6-33132F14C979}"
EndProject
Project("{9A19103F-16F7-4668-BE54-9A1E7A4F7556}") = "MicroAngels.IdentityServer", "src\MicroAngels.IdentityServer\MicroAngels.IdentityServer.csproj", "{83AA0B2F-D32F-415E-B2A2-AB84B0F89F6B}"
EndProject
Project("{9A19103F-16F7-4668-BE54-9A1E7A4F7556}") = "MicroAngels.Swagger", "src\MicroAngels.Swagger\MicroAngels.Swagger.csproj", "{AE34D123-C1DF-4A2B-9634-E8B87BE9E3A3}"
EndProject
Project("{9A19103F-16F7-4668-BE54-9A1E7A4F7556}") = "MicroAngels.Gateway", "src\MicroAngels.Gateway\MicroAngels.Gateway.csproj", "{7BC63C30-BD66-41FF-9C51-992A358FB546}"
EndProject
Project("{2150E333-8FDC-42A3-9474-1A3956D46DE8}") = "demos", "demos", "{FD435E2E-25C6-4F97-A168-28CBFC963730}"
EndProject
Project("{9A19103F-16F7-4668-BE54-9A1E7A4F7556}") = "GRPCService", "demos\GRPCService\GRPCService.csproj", "{948E8F91-2690-4C8F-9208-5EB70D9A2902}"
EndProject
Project("{9A19103F-16F7-4668-BE54-9A1E7A4F7556}") = "MicroAngels.GRPC", "src\MicroAngels.GRPC\MicroAngels.GRPC.csproj", "{65ABDC79-3EEC-483F-B09A-179FE9091066}"
EndProject
Project("{2150E333-8FDC-42A3-9474-1A3956D46DE8}") = "services", "services", "{A798801D-2D8F-4557-8499-269AC0AF7353}"
EndProject
Project("{9A19103F-16F7-4668-BE54-9A1E7A4F7556}") = "GRPCClient", "demos\GRPCClient\GRPCClient.csproj", "{11F53549-5F53-464A-BE2D-327D3B9A3B77}"
EndProject
Project("{9A19103F-16F7-4668-BE54-9A1E7A4F7556}") = "DemoSite", "demos\DemoSite\DemoSite.csproj", "{B1607CB8-175C-4656-86A8-E96C7A44E99E}"
EndProject
Project("{2150E333-8FDC-42A3-9474-1A3956D46DE8}") = "devops", "devops", "{6FD0C890-519F-42BF-B547-2EC372547B76}"
	ProjectSection(SolutionItems) = preProject
		docker-compose.yml = docker-compose.yml
	EndProjectSection
EndProject
Project("{9A19103F-16F7-4668-BE54-9A1E7A4F7556}") = "AccountService", "services\AccountService\AccountService.csproj", "{F6A138A8-7662-402F-B1F4-00C7569740EE}"
EndProject
Project("{9A19103F-16F7-4668-BE54-9A1E7A4F7556}") = "MicroAngels.Logger", "src\MicroAngels.Logger\MicroAngels.Logger.csproj", "{33B5C0CC-FE65-4F4C-A5F2-41FD7879319A}"
EndProject
Project("{9A19103F-16F7-4668-BE54-9A1E7A4F7556}") = "ResourceService", "services\ResourceService\ResourceService.csproj", "{44B0BE05-9A21-457D-9A95-8C0589E2D812}"
EndProject
Project("{9A19103F-16F7-4668-BE54-9A1E7A4F7556}") = "MicroAngels.Polly", "src\MicroAngels.Polly\MicroAngels.Polly.csproj", "{8DFF6B22-9C36-4E4C-918A-289C662E1477}"
EndProject
Project("{9A19103F-16F7-4668-BE54-9A1E7A4F7556}") = "NoticeService", "services\NoticeService\NoticeService.csproj", "{755A2AD3-CA3B-4EAD-A77E-90E479EF778D}"
EndProject
Project("{9A19103F-16F7-4668-BE54-9A1E7A4F7556}") = "MicroAngels.Cache", "src\MicroAngels.Cache\MicroAngels.Cache.csproj", "{866DA7D6-0EE9-4869-A18E-CD078BAFED81}"
EndProject
Project("{9A19103F-16F7-4668-BE54-9A1E7A4F7556}") = "MicroAngles.Cache.Test", "test\MicroAngles.Cache.Test\MicroAngles.Cache.Test.csproj", "{40DEC1D0-B2BA-47E1-ACC5-D32008760756}"
EndProject
Project("{9A19103F-16F7-4668-BE54-9A1E7A4F7556}") = "FileService", "services\FileService\FileService.csproj", "{801237BD-3122-4BEB-B235-A361F9548165}"
EndProject
Project("{9A19103F-16F7-4668-BE54-9A1E7A4F7556}") = "MicroAngels.ORM", "src\MicroAngles.ORM\MicroAngels.ORM.csproj", "{244EFF40-CD5A-47E0-A9E0-6C063F952E2A}"
EndProject
Project("{9A19103F-16F7-4668-BE54-9A1E7A4F7556}") = "MicroAngels.Configuration", "src\MicroAngels.Configuration\MicroAngels.Configuration.csproj", "{D6F2DA23-1858-4A1F-9587-A5822B3A169D}"
EndProject
Project("{9A19103F-16F7-4668-BE54-9A1E7A4F7556}") = "UserService", "services\UserService\UserService.csproj", "{12BA5FAE-179A-4B9E-9B5E-31DE86B632EB}"
EndProject
Project("{FAE04EC0-301F-11D3-BF4B-00C04F79EFBC}") = "MicroAngels.Polly.Test", "test\MicroAngels.Polly.Test\MicroAngels.Polly.Test.csproj", "{59623AAE-4D81-4772-9F12-6D21C8150D3F}"
EndProject
Global
	GlobalSection(SolutionConfigurationPlatforms) = preSolution
		Debug|Any CPU = Debug|Any CPU
		Release|Any CPU = Release|Any CPU
	EndGlobalSection
	GlobalSection(ProjectConfigurationPlatforms) = postSolution
		{BBEE399B-0114-4772-8DA4-3A0EFDF05FF3}.Debug|Any CPU.ActiveCfg = Debug|Any CPU
		{BBEE399B-0114-4772-8DA4-3A0EFDF05FF3}.Debug|Any CPU.Build.0 = Debug|Any CPU
		{BBEE399B-0114-4772-8DA4-3A0EFDF05FF3}.Release|Any CPU.ActiveCfg = Release|Any CPU
		{BBEE399B-0114-4772-8DA4-3A0EFDF05FF3}.Release|Any CPU.Build.0 = Release|Any CPU
		{4294D789-4D7C-473A-AAB9-5D427C7CA8D2}.Debug|Any CPU.ActiveCfg = Debug|Any CPU
		{4294D789-4D7C-473A-AAB9-5D427C7CA8D2}.Debug|Any CPU.Build.0 = Debug|Any CPU
		{4294D789-4D7C-473A-AAB9-5D427C7CA8D2}.Release|Any CPU.ActiveCfg = Release|Any CPU
		{4294D789-4D7C-473A-AAB9-5D427C7CA8D2}.Release|Any CPU.Build.0 = Release|Any CPU
		{AA6AED26-3166-48FB-9AA4-F3FC5CFA1744}.Debug|Any CPU.ActiveCfg = Debug|Any CPU
		{AA6AED26-3166-48FB-9AA4-F3FC5CFA1744}.Debug|Any CPU.Build.0 = Debug|Any CPU
		{AA6AED26-3166-48FB-9AA4-F3FC5CFA1744}.Release|Any CPU.ActiveCfg = Release|Any CPU
		{AA6AED26-3166-48FB-9AA4-F3FC5CFA1744}.Release|Any CPU.Build.0 = Release|Any CPU
		{7B1E1D93-7544-44A1-A020-7C79261657FF}.Debug|Any CPU.ActiveCfg = Debug|Any CPU
		{7B1E1D93-7544-44A1-A020-7C79261657FF}.Debug|Any CPU.Build.0 = Debug|Any CPU
		{7B1E1D93-7544-44A1-A020-7C79261657FF}.Release|Any CPU.ActiveCfg = Release|Any CPU
		{7B1E1D93-7544-44A1-A020-7C79261657FF}.Release|Any CPU.Build.0 = Release|Any CPU
		{FCE8E0F9-A929-4599-AC23-6F07D1D7F3C9}.Debug|Any CPU.ActiveCfg = Debug|Any CPU
		{FCE8E0F9-A929-4599-AC23-6F07D1D7F3C9}.Debug|Any CPU.Build.0 = Debug|Any CPU
		{FCE8E0F9-A929-4599-AC23-6F07D1D7F3C9}.Release|Any CPU.ActiveCfg = Release|Any CPU
		{FCE8E0F9-A929-4599-AC23-6F07D1D7F3C9}.Release|Any CPU.Build.0 = Release|Any CPU
		{0F451860-10F8-4EAC-BC95-4E4B28545CC8}.Debug|Any CPU.ActiveCfg = Debug|Any CPU
		{0F451860-10F8-4EAC-BC95-4E4B28545CC8}.Debug|Any CPU.Build.0 = Debug|Any CPU
		{0F451860-10F8-4EAC-BC95-4E4B28545CC8}.Release|Any CPU.ActiveCfg = Release|Any CPU
		{0F451860-10F8-4EAC-BC95-4E4B28545CC8}.Release|Any CPU.Build.0 = Release|Any CPU
		{277BB297-975A-4920-98F6-33132F14C979}.Debug|Any CPU.ActiveCfg = Debug|Any CPU
		{277BB297-975A-4920-98F6-33132F14C979}.Debug|Any CPU.Build.0 = Debug|Any CPU
		{277BB297-975A-4920-98F6-33132F14C979}.Release|Any CPU.ActiveCfg = Release|Any CPU
		{277BB297-975A-4920-98F6-33132F14C979}.Release|Any CPU.Build.0 = Release|Any CPU
		{83AA0B2F-D32F-415E-B2A2-AB84B0F89F6B}.Debug|Any CPU.ActiveCfg = Debug|Any CPU
		{83AA0B2F-D32F-415E-B2A2-AB84B0F89F6B}.Debug|Any CPU.Build.0 = Debug|Any CPU
		{83AA0B2F-D32F-415E-B2A2-AB84B0F89F6B}.Release|Any CPU.ActiveCfg = Release|Any CPU
		{83AA0B2F-D32F-415E-B2A2-AB84B0F89F6B}.Release|Any CPU.Build.0 = Release|Any CPU
		{AE34D123-C1DF-4A2B-9634-E8B87BE9E3A3}.Debug|Any CPU.ActiveCfg = Debug|Any CPU
		{AE34D123-C1DF-4A2B-9634-E8B87BE9E3A3}.Debug|Any CPU.Build.0 = Debug|Any CPU
		{AE34D123-C1DF-4A2B-9634-E8B87BE9E3A3}.Release|Any CPU.ActiveCfg = Release|Any CPU
		{AE34D123-C1DF-4A2B-9634-E8B87BE9E3A3}.Release|Any CPU.Build.0 = Release|Any CPU
		{7BC63C30-BD66-41FF-9C51-992A358FB546}.Debug|Any CPU.ActiveCfg = Debug|Any CPU
		{7BC63C30-BD66-41FF-9C51-992A358FB546}.Debug|Any CPU.Build.0 = Debug|Any CPU
		{7BC63C30-BD66-41FF-9C51-992A358FB546}.Release|Any CPU.ActiveCfg = Release|Any CPU
		{7BC63C30-BD66-41FF-9C51-992A358FB546}.Release|Any CPU.Build.0 = Release|Any CPU
		{948E8F91-2690-4C8F-9208-5EB70D9A2902}.Debug|Any CPU.ActiveCfg = Debug|Any CPU
		{948E8F91-2690-4C8F-9208-5EB70D9A2902}.Debug|Any CPU.Build.0 = Debug|Any CPU
		{948E8F91-2690-4C8F-9208-5EB70D9A2902}.Release|Any CPU.ActiveCfg = Release|Any CPU
		{948E8F91-2690-4C8F-9208-5EB70D9A2902}.Release|Any CPU.Build.0 = Release|Any CPU
		{65ABDC79-3EEC-483F-B09A-179FE9091066}.Debug|Any CPU.ActiveCfg = Debug|Any CPU
		{65ABDC79-3EEC-483F-B09A-179FE9091066}.Debug|Any CPU.Build.0 = Debug|Any CPU
		{65ABDC79-3EEC-483F-B09A-179FE9091066}.Release|Any CPU.ActiveCfg = Release|Any CPU
		{65ABDC79-3EEC-483F-B09A-179FE9091066}.Release|Any CPU.Build.0 = Release|Any CPU
		{11F53549-5F53-464A-BE2D-327D3B9A3B77}.Debug|Any CPU.ActiveCfg = Debug|Any CPU
		{11F53549-5F53-464A-BE2D-327D3B9A3B77}.Debug|Any CPU.Build.0 = Debug|Any CPU
		{11F53549-5F53-464A-BE2D-327D3B9A3B77}.Release|Any CPU.ActiveCfg = Release|Any CPU
		{11F53549-5F53-464A-BE2D-327D3B9A3B77}.Release|Any CPU.Build.0 = Release|Any CPU
		{B1607CB8-175C-4656-86A8-E96C7A44E99E}.Debug|Any CPU.ActiveCfg = Debug|Any CPU
		{B1607CB8-175C-4656-86A8-E96C7A44E99E}.Debug|Any CPU.Build.0 = Debug|Any CPU
		{B1607CB8-175C-4656-86A8-E96C7A44E99E}.Release|Any CPU.ActiveCfg = Release|Any CPU
		{B1607CB8-175C-4656-86A8-E96C7A44E99E}.Release|Any CPU.Build.0 = Release|Any CPU
		{F6A138A8-7662-402F-B1F4-00C7569740EE}.Debug|Any CPU.ActiveCfg = Debug|Any CPU
		{F6A138A8-7662-402F-B1F4-00C7569740EE}.Debug|Any CPU.Build.0 = Debug|Any CPU
		{F6A138A8-7662-402F-B1F4-00C7569740EE}.Release|Any CPU.ActiveCfg = Release|Any CPU
		{F6A138A8-7662-402F-B1F4-00C7569740EE}.Release|Any CPU.Build.0 = Release|Any CPU
		{33B5C0CC-FE65-4F4C-A5F2-41FD7879319A}.Debug|Any CPU.ActiveCfg = Debug|Any CPU
		{33B5C0CC-FE65-4F4C-A5F2-41FD7879319A}.Debug|Any CPU.Build.0 = Debug|Any CPU
		{33B5C0CC-FE65-4F4C-A5F2-41FD7879319A}.Release|Any CPU.ActiveCfg = Release|Any CPU
		{33B5C0CC-FE65-4F4C-A5F2-41FD7879319A}.Release|Any CPU.Build.0 = Release|Any CPU
		{44B0BE05-9A21-457D-9A95-8C0589E2D812}.Debug|Any CPU.ActiveCfg = Debug|Any CPU
		{44B0BE05-9A21-457D-9A95-8C0589E2D812}.Debug|Any CPU.Build.0 = Debug|Any CPU
		{44B0BE05-9A21-457D-9A95-8C0589E2D812}.Release|Any CPU.ActiveCfg = Release|Any CPU
		{44B0BE05-9A21-457D-9A95-8C0589E2D812}.Release|Any CPU.Build.0 = Release|Any CPU
		{8DFF6B22-9C36-4E4C-918A-289C662E1477}.Debug|Any CPU.ActiveCfg = Debug|Any CPU
		{8DFF6B22-9C36-4E4C-918A-289C662E1477}.Debug|Any CPU.Build.0 = Debug|Any CPU
		{8DFF6B22-9C36-4E4C-918A-289C662E1477}.Release|Any CPU.ActiveCfg = Release|Any CPU
		{8DFF6B22-9C36-4E4C-918A-289C662E1477}.Release|Any CPU.Build.0 = Release|Any CPU
		{755A2AD3-CA3B-4EAD-A77E-90E479EF778D}.Debug|Any CPU.ActiveCfg = Debug|Any CPU
		{755A2AD3-CA3B-4EAD-A77E-90E479EF778D}.Debug|Any CPU.Build.0 = Debug|Any CPU
		{755A2AD3-CA3B-4EAD-A77E-90E479EF778D}.Release|Any CPU.ActiveCfg = Release|Any CPU
		{755A2AD3-CA3B-4EAD-A77E-90E479EF778D}.Release|Any CPU.Build.0 = Release|Any CPU
		{866DA7D6-0EE9-4869-A18E-CD078BAFED81}.Debug|Any CPU.ActiveCfg = Debug|Any CPU
		{866DA7D6-0EE9-4869-A18E-CD078BAFED81}.Debug|Any CPU.Build.0 = Debug|Any CPU
		{866DA7D6-0EE9-4869-A18E-CD078BAFED81}.Release|Any CPU.ActiveCfg = Release|Any CPU
		{866DA7D6-0EE9-4869-A18E-CD078BAFED81}.Release|Any CPU.Build.0 = Release|Any CPU
		{40DEC1D0-B2BA-47E1-ACC5-D32008760756}.Debug|Any CPU.ActiveCfg = Debug|Any CPU
		{40DEC1D0-B2BA-47E1-ACC5-D32008760756}.Debug|Any CPU.Build.0 = Debug|Any CPU
		{40DEC1D0-B2BA-47E1-ACC5-D32008760756}.Release|Any CPU.ActiveCfg = Release|Any CPU
		{40DEC1D0-B2BA-47E1-ACC5-D32008760756}.Release|Any CPU.Build.0 = Release|Any CPU
		{801237BD-3122-4BEB-B235-A361F9548165}.Debug|Any CPU.ActiveCfg = Debug|Any CPU
		{801237BD-3122-4BEB-B235-A361F9548165}.Debug|Any CPU.Build.0 = Debug|Any CPU
		{801237BD-3122-4BEB-B235-A361F9548165}.Release|Any CPU.ActiveCfg = Release|Any CPU
		{801237BD-3122-4BEB-B235-A361F9548165}.Release|Any CPU.Build.0 = Release|Any CPU
		{244EFF40-CD5A-47E0-A9E0-6C063F952E2A}.Debug|Any CPU.ActiveCfg = Debug|Any CPU
		{244EFF40-CD5A-47E0-A9E0-6C063F952E2A}.Debug|Any CPU.Build.0 = Debug|Any CPU
		{244EFF40-CD5A-47E0-A9E0-6C063F952E2A}.Release|Any CPU.ActiveCfg = Release|Any CPU
		{244EFF40-CD5A-47E0-A9E0-6C063F952E2A}.Release|Any CPU.Build.0 = Release|Any CPU
		{D6F2DA23-1858-4A1F-9587-A5822B3A169D}.Debug|Any CPU.ActiveCfg = Debug|Any CPU
		{D6F2DA23-1858-4A1F-9587-A5822B3A169D}.Debug|Any CPU.Build.0 = Debug|Any CPU
		{D6F2DA23-1858-4A1F-9587-A5822B3A169D}.Release|Any CPU.ActiveCfg = Release|Any CPU
		{D6F2DA23-1858-4A1F-9587-A5822B3A169D}.Release|Any CPU.Build.0 = Release|Any CPU
		{12BA5FAE-179A-4B9E-9B5E-31DE86B632EB}.Debug|Any CPU.ActiveCfg = Debug|Any CPU
		{12BA5FAE-179A-4B9E-9B5E-31DE86B632EB}.Debug|Any CPU.Build.0 = Debug|Any CPU
		{12BA5FAE-179A-4B9E-9B5E-31DE86B632EB}.Release|Any CPU.ActiveCfg = Release|Any CPU
		{12BA5FAE-179A-4B9E-9B5E-31DE86B632EB}.Release|Any CPU.Build.0 = Release|Any CPU
		{59623AAE-4D81-4772-9F12-6D21C8150D3F}.Debug|Any CPU.ActiveCfg = Debug|Any CPU
		{59623AAE-4D81-4772-9F12-6D21C8150D3F}.Debug|Any CPU.Build.0 = Debug|Any CPU
		{59623AAE-4D81-4772-9F12-6D21C8150D3F}.Release|Any CPU.ActiveCfg = Release|Any CPU
		{59623AAE-4D81-4772-9F12-6D21C8150D3F}.Release|Any CPU.Build.0 = Release|Any CPU
	EndGlobalSection
	GlobalSection(SolutionProperties) = preSolution
		HideSolutionNode = FALSE
	EndGlobalSection
	GlobalSection(NestedProjects) = preSolution
		{BBEE399B-0114-4772-8DA4-3A0EFDF05FF3} = {76FD3796-8DEE-4F3B-BC38-4AF61214E10C}
		{4294D789-4D7C-473A-AAB9-5D427C7CA8D2} = {76FD3796-8DEE-4F3B-BC38-4AF61214E10C}
		{AA6AED26-3166-48FB-9AA4-F3FC5CFA1744} = {CC490CF6-A794-43FC-8F2B-B8048B0642A9}
		{7B1E1D93-7544-44A1-A020-7C79261657FF} = {8E6CC9B9-09D5-4E9A-9AAD-718998BA09C1}
		{FCE8E0F9-A929-4599-AC23-6F07D1D7F3C9} = {76FD3796-8DEE-4F3B-BC38-4AF61214E10C}
		{0F451860-10F8-4EAC-BC95-4E4B28545CC8} = {8E6CC9B9-09D5-4E9A-9AAD-718998BA09C1}
		{277BB297-975A-4920-98F6-33132F14C979} = {8E6CC9B9-09D5-4E9A-9AAD-718998BA09C1}
		{83AA0B2F-D32F-415E-B2A2-AB84B0F89F6B} = {76FD3796-8DEE-4F3B-BC38-4AF61214E10C}
		{AE34D123-C1DF-4A2B-9634-E8B87BE9E3A3} = {76FD3796-8DEE-4F3B-BC38-4AF61214E10C}
		{7BC63C30-BD66-41FF-9C51-992A358FB546} = {76FD3796-8DEE-4F3B-BC38-4AF61214E10C}
		{948E8F91-2690-4C8F-9208-5EB70D9A2902} = {FD435E2E-25C6-4F97-A168-28CBFC963730}
		{65ABDC79-3EEC-483F-B09A-179FE9091066} = {76FD3796-8DEE-4F3B-BC38-4AF61214E10C}
		{11F53549-5F53-464A-BE2D-327D3B9A3B77} = {FD435E2E-25C6-4F97-A168-28CBFC963730}
		{B1607CB8-175C-4656-86A8-E96C7A44E99E} = {FD435E2E-25C6-4F97-A168-28CBFC963730}
		{F6A138A8-7662-402F-B1F4-00C7569740EE} = {A798801D-2D8F-4557-8499-269AC0AF7353}
		{33B5C0CC-FE65-4F4C-A5F2-41FD7879319A} = {76FD3796-8DEE-4F3B-BC38-4AF61214E10C}
		{44B0BE05-9A21-457D-9A95-8C0589E2D812} = {A798801D-2D8F-4557-8499-269AC0AF7353}
		{8DFF6B22-9C36-4E4C-918A-289C662E1477} = {76FD3796-8DEE-4F3B-BC38-4AF61214E10C}
		{755A2AD3-CA3B-4EAD-A77E-90E479EF778D} = {A798801D-2D8F-4557-8499-269AC0AF7353}
		{866DA7D6-0EE9-4869-A18E-CD078BAFED81} = {76FD3796-8DEE-4F3B-BC38-4AF61214E10C}
		{40DEC1D0-B2BA-47E1-ACC5-D32008760756} = {CC490CF6-A794-43FC-8F2B-B8048B0642A9}
		{801237BD-3122-4BEB-B235-A361F9548165} = {A798801D-2D8F-4557-8499-269AC0AF7353}
		{244EFF40-CD5A-47E0-A9E0-6C063F952E2A} = {76FD3796-8DEE-4F3B-BC38-4AF61214E10C}
		{D6F2DA23-1858-4A1F-9587-A5822B3A169D} = {76FD3796-8DEE-4F3B-BC38-4AF61214E10C}
		{12BA5FAE-179A-4B9E-9B5E-31DE86B632EB} = {A798801D-2D8F-4557-8499-269AC0AF7353}
		{59623AAE-4D81-4772-9F12-6D21C8150D3F} = {CC490CF6-A794-43FC-8F2B-B8048B0642A9}
	EndGlobalSection
	GlobalSection(ExtensibilityGlobals) = postSolution
		SolutionGuid = {9889BCDC-E6A6-448F-B01A-ECFD0FAF294C}
	EndGlobalSection
	GlobalSection(Performance) = preSolution
		HasPerformanceSessions = true
	EndGlobalSection
	GlobalSection(Performance) = preSolution
		HasPerformanceSessions = true
	EndGlobalSection
	GlobalSection(Performance) = preSolution
		HasPerformanceSessions = true
	EndGlobalSection
	GlobalSection(Performance) = preSolution
		HasPerformanceSessions = true
	EndGlobalSection
	GlobalSection(Performance) = preSolution
		HasPerformanceSessions = true
	EndGlobalSection
	GlobalSection(Performance) = preSolution
		HasPerformanceSessions = true
	EndGlobalSection
EndGlobal
